
Microsoft Visual Studio Solution File, Format Version 12.00
# Visual Studio Version 17
VisualStudioVersion = 17.8.34330.188
MinimumVisualStudioVersion = 10.0.40219.1
Project("{FAE04EC0-301F-11D3-BF4B-00C04F79EFBC}") = "TransparenciaDeObras7", "TransparenciaDeObras7\TransparenciaDeObras7.csproj", "{E9898DC8-DDBE-4605-A0B5-FED5B1EB3E5A}"
EndProject
Project("{FAE04EC0-301F-11D3-BF4B-00C04F79EFBC}") = "Infraestrutura", "Infraestrutura\Infraestrutura.csproj", "{DFE2039E-FC2F-4A21-A25D-855849974453}"
EndProject
Project("{FAE04EC0-301F-11D3-BF4B-00C04F79EFBC}") = "Domain", "Domain\Domain.csproj", "{EFEC85F6-73C1-4C41-844F-D8E89CD9778D}"
EndProject
Global
	GlobalSection(SolutionConfigurationPlatforms) = preSolution
		Debug|Any CPU = Debug|Any CPU
		Release|Any CPU = Release|Any CPU
	EndGlobalSection
	GlobalSection(ProjectConfigurationPlatforms) = postSolution
		{E9898DC8-DDBE-4605-A0B5-FED5B1EB3E5A}.Debug|Any CPU.ActiveCfg = Debug|Any CPU
		{E9898DC8-DDBE-4605-A0B5-FED5B1EB3E5A}.Debug|Any CPU.Build.0 = Debug|Any CPU
		{E9898DC8-DDBE-4605-A0B5-FED5B1EB3E5A}.Release|Any CPU.ActiveCfg = Release|Any CPU
		{E9898DC8-DDBE-4605-A0B5-FED5B1EB3E5A}.Release|Any CPU.Build.0 = Release|Any CPU
		{DFE2039E-FC2F-4A21-A25D-855849974453}.Debug|Any CPU.ActiveCfg = Debug|Any CPU
		{DFE2039E-FC2F-4A21-A25D-855849974453}.Debug|Any CPU.Build.0 = Debug|Any CPU
		{DFE2039E-FC2F-4A21-A25D-855849974453}.Release|Any CPU.ActiveCfg = Release|Any CPU
		{DFE2039E-FC2F-4A21-A25D-855849974453}.Release|Any CPU.Build.0 = Release|Any CPU
		{EFEC85F6-73C1-4C41-844F-D8E89CD9778D}.Debug|Any CPU.ActiveCfg = Debug|Any CPU
		{EFEC85F6-73C1-4C41-844F-D8E89CD9778D}.Debug|Any CPU.Build.0 = Debug|Any CPU
		{EFEC85F6-73C1-4C41-844F-D8E89CD9778D}.Release|Any CPU.ActiveCfg = Release|Any CPU
		{EFEC85F6-73C1-4C41-844F-D8E89CD9778D}.Release|Any CPU.Build.0 = Release|Any CPU
	EndGlobalSection
	GlobalSection(SolutionProperties) = preSolution
		HideSolutionNode = FALSE
	EndGlobalSection
	GlobalSection(ExtensibilityGlobals) = postSolution
		SolutionGuid = {46029E72-4A35-4300-86D8-08F045A4381C}
	EndGlobalSection
EndGlobal
